Microsoft Visual Studio Solution File, Format Version 11.00
# Visual Studio 2008

Project("{DA69E4C5-C917-8163-8AE6-C3E0B6978793}") = "M360Project_newSDK", "Assembly-CSharp-firstpass.csproj", "{54732649-36D3-5C68-3560-0E177C3B0A39}"
EndProject
Project("{DA69E4C5-C917-8163-8AE6-C3E0B6978793}") = "M360Project_newSDK", "Assembly-CSharp.csproj", "{DECBE20B-D371-B2EB-1097-4730F121F3B6}"
EndProject
Project("{DA69E4C5-C917-8163-8AE6-C3E0B6978793}") = "M360Project_newSDK", "Assembly-CSharp-Editor-firstpass.csproj", "{EE0B3D9B-EB9D-9D74-E968-3618DDE710ED}"
EndProject
Project("{DA69E4C5-C917-8163-8AE6-C3E0B6978793}") = "M360Project_newSDK", "Assembly-CSharp-Editor.csproj", "{2DA98DA8-3C53-5038-919F-EC0113A9E544}"
EndProject
Project("{DA69E4C5-C917-8163-8AE6-C3E0B6978793}") = "M360Project_newSDK", "Assembly-UnityScript-firstpass.unityproj", "{B6078830-EB8E-F3B2-100D-0AE53B11CB96}"
EndProject
Project("{DA69E4C5-C917-8163-8AE6-C3E0B6978793}") = "M360Project_newSDK", "Assembly-UnityScript.unityproj", "{98C2EDCD-080E-DAE1-5963-D7A35756F590}"
EndProject
Project("{DA69E4C5-C917-8163-8AE6-C3E0B6978793}") = "M360Project_newSDK", "Assembly-UnityScript-Editor-firstpass.unityproj", "{644C7FC0-E45B-4DC0-2763-AE8BE7E743D9}"
EndProject
Global
	GlobalSection(SolutionConfigurationPlatforms) = preSolution
		Debug|Any CPU = Debug|Any CPU
		Release|Any CPU = Release|Any CPU
	EndGlobalSection
	GlobalSection(ProjectConfigurationPlatforms) = postSolution
		{54732649-36D3-5C68-3560-0E177C3B0A39}.Debug|Any CPU.ActiveCfg = Debug|Any CPU
		{54732649-36D3-5C68-3560-0E177C3B0A39}.Debug|Any CPU.Build.0 = Debug|Any CPU
		{54732649-36D3-5C68-3560-0E177C3B0A39}.Release|Any CPU.ActiveCfg = Release|Any CPU
		{54732649-36D3-5C68-3560-0E177C3B0A39}.Release|Any CPU.Build.0 = Release|Any CPU
		{DECBE20B-D371-B2EB-1097-4730F121F3B6}.Debug|Any CPU.ActiveCfg = Debug|Any CPU
		{DECBE20B-D371-B2EB-1097-4730F121F3B6}.Debug|Any CPU.Build.0 = Debug|Any CPU
		{DECBE20B-D371-B2EB-1097-4730F121F3B6}.Release|Any CPU.ActiveCfg = Release|Any CPU
		{DECBE20B-D371-B2EB-1097-4730F121F3B6}.Release|Any CPU.Build.0 = Release|Any CPU
		{EE0B3D9B-EB9D-9D74-E968-3618DDE710ED}.Debug|Any CPU.ActiveCfg = Debug|Any CPU
		{EE0B3D9B-EB9D-9D74-E968-3618DDE710ED}.Debug|Any CPU.Build.0 = Debug|Any CPU
		{EE0B3D9B-EB9D-9D74-E968-3618DDE710ED}.Release|Any CPU.ActiveCfg = Release|Any CPU
		{EE0B3D9B-EB9D-9D74-E968-3618DDE710ED}.Release|Any CPU.Build.0 = Release|Any CPU
		{2DA98DA8-3C53-5038-919F-EC0113A9E544}.Debug|Any CPU.ActiveCfg = Debug|Any CPU
		{2DA98DA8-3C53-5038-919F-EC0113A9E544}.Debug|Any CPU.Build.0 = Debug|Any CPU
		{2DA98DA8-3C53-5038-919F-EC0113A9E544}.Release|Any CPU.ActiveCfg = Release|Any CPU
		{2DA98DA8-3C53-5038-919F-EC0113A9E544}.Release|Any CPU.Build.0 = Release|Any CPU
		{B6078830-EB8E-F3B2-100D-0AE53B11CB96}.Debug|Any CPU.ActiveCfg = Debug|Any CPU
		{B6078830-EB8E-F3B2-100D-0AE53B11CB96}.Debug|Any CPU.Build.0 = Debug|Any CPU
		{B6078830-EB8E-F3B2-100D-0AE53B11CB96}.Release|Any CPU.ActiveCfg = Release|Any CPU
		{B6078830-EB8E-F3B2-100D-0AE53B11CB96}.Release|Any CPU.Build.0 = Release|Any CPU
		{98C2EDCD-080E-DAE1-5963-D7A35756F590}.Debug|Any CPU.ActiveCfg = Debug|Any CPU
		{98C2EDCD-080E-DAE1-5963-D7A35756F590}.Debug|Any CPU.Build.0 = Debug|Any CPU
		{98C2EDCD-080E-DAE1-5963-D7A35756F590}.Release|Any CPU.ActiveCfg = Release|Any CPU
		{98C2EDCD-080E-DAE1-5963-D7A35756F590}.Release|Any CPU.Build.0 = Release|Any CPU
		{644C7FC0-E45B-4DC0-2763-AE8BE7E743D9}.Debug|Any CPU.ActiveCfg = Debug|Any CPU
		{644C7FC0-E45B-4DC0-2763-AE8BE7E743D9}.Debug|Any CPU.Build.0 = Debug|Any CPU
		{644C7FC0-E45B-4DC0-2763-AE8BE7E743D9}.Release|Any CPU.ActiveCfg = Release|Any CPU
		{644C7FC0-E45B-4DC0-2763-AE8BE7E743D9}.Release|Any CPU.Build.0 = Release|Any CPU
	EndGlobalSection
	GlobalSection(SolutionProperties) = preSolution
		HideSolutionNode = FALSE
	EndGlobalSection
																																																																																																				GlobalSection(MonoDevelopProperties) = preSolution
		StartupItem = Assembly-CSharp.csproj
		Policies = $0
		$0.TextStylePolicy = $1
		$1.inheritsSet = null
		$1.scope = text/x-csharp
		$0.CSharpFormattingPolicy = $2
		$2.inheritsSet = Mono
		$2.inheritsScope = text/x-csharp
		$2.scope = text/x-csharp
		$0.TextStylePolicy = $3
		$3.FileWidth = 120
		$3.TabWidth = 4
		$3.EolMarker = Unix
		$3.inheritsSet = Mono
		$3.inheritsScope = text/plain
		$3.scope = text/plain
	EndGlobalSection

EndGlobal
